
Microsoft Visual Studio Solution File, Format Version 12.00
# Visual Studio Version 17
VisualStudioVersion = 17.3.32804.467
MinimumVisualStudioVersion = 10.0.40219.1
Project("{9A19103F-16F7-4668-BE54-9A1E7A4F7556}") = "CoffeeStoreLeon", "CoffeeStoreLeon.csproj", "{38CB9295-DEE4-4693-B6BA-F72BAB337378}"
EndProject
Project("{9A19103F-16F7-4668-BE54-9A1E7A4F7556}") = "CoffeeStore.Domain", "..\CoffeeStore.Domain\CoffeeStore.Domain.csproj", "{3C03DD41-88F2-4FD4-AA38-5BCE985B5422}"
EndProject
Project("{FAE04EC0-301F-11D3-BF4B-00C04F79EFBC}") = "CoffeeStore.DataAccess", "..\CoffeeStore.DataAccess\CoffeeStore.DataAccess.csproj", "{5BAD6F61-B70B-49DA-877D-2E534C3F8696}"
EndProject
Project("{FAE04EC0-301F-11D3-BF4B-00C04F79EFBC}") = "CoffeeStore.Terminal", "..\CoffeeStore.Terminal\CoffeeStore.Terminal.csproj", "{1C386CCB-7FCF-4246-A2B3-A01EA1BEB507}"
EndProject
Global
	GlobalSection(SolutionConfigurationPlatforms) = preSolution
		Debug|Any CPU = Debug|Any CPU
		Debug|ARM = Debug|ARM
		Debug|ARM64 = Debug|ARM64
		Debug|x64 = Debug|x64
		Debug|x86 = Debug|x86
		Release|Any CPU = Release|Any CPU
		Release|ARM = Release|ARM
		Release|ARM64 = Release|ARM64
		Release|x64 = Release|x64
		Release|x86 = Release|x86
	EndGlobalSection
	GlobalSection(ProjectConfigurationPlatforms) = postSolution
		{38CB9295-DEE4-4693-B6BA-F72BAB337378}.Debug|Any CPU.ActiveCfg = Debug|Any CPU
		{38CB9295-DEE4-4693-B6BA-F72BAB337378}.Debug|Any CPU.Build.0 = Debug|Any CPU
		{38CB9295-DEE4-4693-B6BA-F72BAB337378}.Debug|ARM.ActiveCfg = Debug|Any CPU
		{38CB9295-DEE4-4693-B6BA-F72BAB337378}.Debug|ARM.Build.0 = Debug|Any CPU
		{38CB9295-DEE4-4693-B6BA-F72BAB337378}.Debug|ARM64.ActiveCfg = Debug|Any CPU
		{38CB9295-DEE4-4693-B6BA-F72BAB337378}.Debug|ARM64.Build.0 = Debug|Any CPU
		{38CB9295-DEE4-4693-B6BA-F72BAB337378}.Debug|x64.ActiveCfg = Debug|Any CPU
		{38CB9295-DEE4-4693-B6BA-F72BAB337378}.Debug|x64.Build.0 = Debug|Any CPU
		{38CB9295-DEE4-4693-B6BA-F72BAB337378}.Debug|x86.ActiveCfg = Debug|Any CPU
		{38CB9295-DEE4-4693-B6BA-F72BAB337378}.Debug|x86.Build.0 = Debug|Any CPU
		{38CB9295-DEE4-4693-B6BA-F72BAB337378}.Release|Any CPU.ActiveCfg = Release|Any CPU
		{38CB9295-DEE4-4693-B6BA-F72BAB337378}.Release|Any CPU.Build.0 = Release|Any CPU
		{38CB9295-DEE4-4693-B6BA-F72BAB337378}.Release|ARM.ActiveCfg = Release|Any CPU
		{38CB9295-DEE4-4693-B6BA-F72BAB337378}.Release|ARM.Build.0 = Release|Any CPU
		{38CB9295-DEE4-4693-B6BA-F72BAB337378}.Release|ARM64.ActiveCfg = Release|Any CPU
		{38CB9295-DEE4-4693-B6BA-F72BAB337378}.Release|ARM64.Build.0 = Release|Any CPU
		{38CB9295-DEE4-4693-B6BA-F72BAB337378}.Release|x64.ActiveCfg = Release|Any CPU
		{38CB9295-DEE4-4693-B6BA-F72BAB337378}.Release|x64.Build.0 = Release|Any CPU
		{38CB9295-DEE4-4693-B6BA-F72BAB337378}.Release|x86.ActiveCfg = Release|Any CPU
		{38CB9295-DEE4-4693-B6BA-F72BAB337378}.Release|x86.Build.0 = Release|Any CPU
		{3C03DD41-88F2-4FD4-AA38-5BCE985B5422}.Debug|Any CPU.ActiveCfg = Debug|Any CPU
		{3C03DD41-88F2-4FD4-AA38-5BCE985B5422}.Debug|Any CPU.Build.0 = Debug|Any CPU
		{3C03DD41-88F2-4FD4-AA38-5BCE985B5422}.Debug|ARM.ActiveCfg = Debug|Any CPU
		{3C03DD41-88F2-4FD4-AA38-5BCE985B5422}.Debug|ARM.Build.0 = Debug|Any CPU
		{3C03DD41-88F2-4FD4-AA38-5BCE985B5422}.Debug|ARM64.ActiveCfg = Debug|Any CPU
		{3C03DD41-88F2-4FD4-AA38-5BCE985B5422}.Debug|ARM64.Build.0 = Debug|Any CPU
		{3C03DD41-88F2-4FD4-AA38-5BCE985B5422}.Debug|x64.ActiveCfg = Debug|Any CPU
		{3C03DD41-88F2-4FD4-AA38-5BCE985B5422}.Debug|x64.Build.0 = Debug|Any CPU
		{3C03DD41-88F2-4FD4-AA38-5BCE985B5422}.Debug|x86.ActiveCfg = Debug|Any CPU
		{3C03DD41-88F2-4FD4-AA38-5BCE985B5422}.Debug|x86.Build.0 = Debug|Any CPU
		{3C03DD41-88F2-4FD4-AA38-5BCE985B5422}.Release|Any CPU.ActiveCfg = Release|Any CPU
		{3C03DD41-88F2-4FD4-AA38-5BCE985B5422}.Release|Any CPU.Build.0 = Release|Any CPU
		{3C03DD41-88F2-4FD4-AA38-5BCE985B5422}.Release|ARM.ActiveCfg = Release|Any CPU
		{3C03DD41-88F2-4FD4-AA38-5BCE985B5422}.Release|ARM.Build.0 = Release|Any CPU
		{3C03DD41-88F2-4FD4-AA38-5BCE985B5422}.Release|ARM64.ActiveCfg = Release|Any CPU
		{3C03DD41-88F2-4FD4-AA38-5BCE985B5422}.Release|ARM64.Build.0 = Release|Any CPU
		{3C03DD41-88F2-4FD4-AA38-5BCE985B5422}.Release|x64.ActiveCfg = Release|Any CPU
		{3C03DD41-88F2-4FD4-AA38-5BCE985B5422}.Release|x64.Build.0 = Release|Any CPU
		{3C03DD41-88F2-4FD4-AA38-5BCE985B5422}.Release|x86.ActiveCfg = Release|Any CPU
		{3C03DD41-88F2-4FD4-AA38-5BCE985B5422}.Release|x86.Build.0 = Release|Any CPU
		{5BAD6F61-B70B-49DA-877D-2E534C3F8696}.Debug|Any CPU.ActiveCfg = Debug|Any CPU
		{5BAD6F61-B70B-49DA-877D-2E534C3F8696}.Debug|Any CPU.Build.0 = Debug|Any CPU
		{5BAD6F61-B70B-49DA-877D-2E534C3F8696}.Debug|ARM.ActiveCfg = Debug|Any CPU
		{5BAD6F61-B70B-49DA-877D-2E534C3F8696}.Debug|ARM.Build.0 = Debug|Any CPU
		{5BAD6F61-B70B-49DA-877D-2E534C3F8696}.Debug|ARM64.ActiveCfg = Debug|Any CPU
		{5BAD6F61-B70B-49DA-877D-2E534C3F8696}.Debug|ARM64.Build.0 = Debug|Any CPU
		{5BAD6F61-B70B-49DA-877D-2E534C3F8696}.Debug|x64.ActiveCfg = Debug|Any CPU
		{5BAD6F61-B70B-49DA-877D-2E534C3F8696}.Debug|x64.Build.0 = Debug|Any CPU
		{5BAD6F61-B70B-49DA-877D-2E534C3F8696}.Debug|x86.ActiveCfg = Debug|Any CPU
		{5BAD6F61-B70B-49DA-877D-2E534C3F8696}.Debug|x86.Build.0 = Debug|Any CPU
		{5BAD6F61-B70B-49DA-877D-2E534C3F8696}.Release|Any CPU.ActiveCfg = Release|Any CPU
		{5BAD6F61-B70B-49DA-877D-2E534C3F8696}.Release|Any CPU.Build.0 = Release|Any CPU
		{5BAD6F61-B70B-49DA-877D-2E534C3F8696}.Release|ARM.ActiveCfg = Release|Any CPU
		{5BAD6F61-B70B-49DA-877D-2E534C3F8696}.Release|ARM.Build.0 = Release|Any CPU
		{5BAD6F61-B70B-49DA-877D-2E534C3F8696}.Release|ARM64.ActiveCfg = Release|Any CPU
		{5BAD6F61-B70B-49DA-877D-2E534C3F8696}.Release|ARM64.Build.0 = Release|Any CPU
		{5BAD6F61-B70B-49DA-877D-2E534C3F8696}.Release|x64.ActiveCfg = Release|Any CPU
		{5BAD6F61-B70B-49DA-877D-2E534C3F8696}.Release|x64.Build.0 = Release|Any CPU
		{5BAD6F61-B70B-49DA-877D-2E534C3F8696}.Release|x86.ActiveCfg = Release|Any CPU
		{5BAD6F61-B70B-49DA-877D-2E534C3F8696}.Release|x86.Build.0 = Release|Any CPU
		{1C386CCB-7FCF-4246-A2B3-A01EA1BEB507}.Debug|Any CPU.ActiveCfg = Debug|Any CPU
		{1C386CCB-7FCF-4246-A2B3-A01EA1BEB507}.Debug|Any CPU.Build.0 = Debug|Any CPU
		{1C386CCB-7FCF-4246-A2B3-A01EA1BEB507}.Debug|ARM.ActiveCfg = Debug|Any CPU
		{1C386CCB-7FCF-4246-A2B3-A01EA1BEB507}.Debug|ARM.Build.0 = Debug|Any CPU
		{1C386CCB-7FCF-4246-A2B3-A01EA1BEB507}.Debug|ARM64.ActiveCfg = Debug|Any CPU
		{1C386CCB-7FCF-4246-A2B3-A01EA1BEB507}.Debug|ARM64.Build.0 = Debug|Any CPU
		{1C386CCB-7FCF-4246-A2B3-A01EA1BEB507}.Debug|x64.ActiveCfg = Debug|Any CPU
		{1C386CCB-7FCF-4246-A2B3-A01EA1BEB507}.Debug|x64.Build.0 = Debug|Any CPU
		{1C386CCB-7FCF-4246-A2B3-A01EA1BEB507}.Debug|x86.ActiveCfg = Debug|Any CPU
		{1C386CCB-7FCF-4246-A2B3-A01EA1BEB507}.Debug|x86.Build.0 = Debug|Any CPU
		{1C386CCB-7FCF-4246-A2B3-A01EA1BEB507}.Release|Any CPU.ActiveCfg = Release|Any CPU
		{1C386CCB-7FCF-4246-A2B3-A01EA1BEB507}.Release|Any CPU.Build.0 = Release|Any CPU
		{1C386CCB-7FCF-4246-A2B3-A01EA1BEB507}.Release|ARM.ActiveCfg = Release|Any CPU
		{1C386CCB-7FCF-4246-A2B3-A01EA1BEB507}.Release|ARM.Build.0 = Release|Any CPU
		{1C386CCB-7FCF-4246-A2B3-A01EA1BEB507}.Release|ARM64.ActiveCfg = Release|Any CPU
		{1C386CCB-7FCF-4246-A2B3-A01EA1BEB507}.Release|ARM64.Build.0 = Release|Any CPU
		{1C386CCB-7FCF-4246-A2B3-A01EA1BEB507}.Release|x64.ActiveCfg = Release|Any CPU
		{1C386CCB-7FCF-4246-A2B3-A01EA1BEB507}.Release|x64.Build.0 = Release|Any CPU
		{1C386CCB-7FCF-4246-A2B3-A01EA1BEB507}.Release|x86.ActiveCfg = Release|Any CPU
		{1C386CCB-7FCF-4246-A2B3-A01EA1BEB507}.Release|x86.Build.0 = Release|Any CPU
	EndGlobalSection
	GlobalSection(SolutionProperties) = preSolution
		HideSolutionNode = FALSE
	EndGlobalSection
	GlobalSection(ExtensibilityGlobals) = postSolution
		SolutionGuid = {88FC443C-0849-4401-9B0D-1B82F592561A}
	EndGlobalSection
EndGlobal
