
Microsoft Visual Studio Solution File, Format Version 12.00
# Visual Studio Version 17
VisualStudioVersion = 17.3.32811.315
MinimumVisualStudioVersion = 10.0.40219.1
Project("{9A19103F-16F7-4668-BE54-9A1E7A4F7556}") = "Lesson8LeonBuilder", "Lesson8LeonBuilder.csproj", "{561480C7-98C6-4C33-BE15-FE6B0A857101}"
EndProject
Project("{FAE04EC0-301F-11D3-BF4B-00C04F79EFBC}") = "Lesson8LeonObserver", "..\Lesson8LeonObserver\Lesson8LeonObserver.csproj", "{65959478-218D-4081-B990-DF38DBACD59F}"
EndProject
Global
	GlobalSection(SolutionConfigurationPlatforms) = preSolution
		Debug|Any CPU = Debug|Any CPU
		Release|Any CPU = Release|Any CPU
	EndGlobalSection
	GlobalSection(ProjectConfigurationPlatforms) = postSolution
		{561480C7-98C6-4C33-BE15-FE6B0A857101}.Debug|Any CPU.ActiveCfg = Debug|Any CPU
		{561480C7-98C6-4C33-BE15-FE6B0A857101}.Debug|Any CPU.Build.0 = Debug|Any CPU
		{561480C7-98C6-4C33-BE15-FE6B0A857101}.Release|Any CPU.ActiveCfg = Release|Any CPU
		{561480C7-98C6-4C33-BE15-FE6B0A857101}.Release|Any CPU.Build.0 = Release|Any CPU
		{65959478-218D-4081-B990-DF38DBACD59F}.Debug|Any CPU.ActiveCfg = Debug|Any CPU
		{65959478-218D-4081-B990-DF38DBACD59F}.Debug|Any CPU.Build.0 = Debug|Any CPU
		{65959478-218D-4081-B990-DF38DBACD59F}.Release|Any CPU.ActiveCfg = Release|Any CPU
		{65959478-218D-4081-B990-DF38DBACD59F}.Release|Any CPU.Build.0 = Release|Any CPU
	EndGlobalSection
	GlobalSection(SolutionProperties) = preSolution
		HideSolutionNode = FALSE
	EndGlobalSection
	GlobalSection(ExtensibilityGlobals) = postSolution
		SolutionGuid = {DFD55A1C-B977-4501-ABD9-17FC138995CD}
	EndGlobalSection
EndGlobal
